// !$*UTF8*$!
{
	archiveVersion = 1;
	classes = {
	};
	objectVersion = 46;
	objects = {

/* Begin PBXBuildFile section */
		489ED0083DCF466643F1E0BC /* Pods_Vittles.framework in Frameworks */ = {isa = PBXBuildFile; fileRef = B40AAFF0F980D4D576F09C95 /* Pods_Vittles.framework */; };
		4C11684618F0458C8138CF59 /* Pods_VittlesTests.framework in Frameworks */ = {isa = PBXBuildFile; fileRef = CFF69218590389A6581B712C /* Pods_VittlesTests.framework */; };
		6C202C4C035DAB45DE5A3B44 /* Pods_VittlesUITests.framework in Frameworks */ = {isa = PBXBuildFile; fileRef = 658BCAF2C4FCE15A137CD9C3 /* Pods_VittlesUITests.framework */; };
		B1199BEA1DB7EDED00A221A9 /* MAProfileOptionsTableViewController.swift in Sources */ = {isa = PBXBuildFile; fileRef = B1199BE81DB7EDED00A221A9 /* MAProfileOptionsTableViewController.swift */; };
		B1199BEB1DB7EDED00A221A9 /* MAProfileOptionTableViewCell.swift in Sources */ = {isa = PBXBuildFile; fileRef = B1199BE91DB7EDED00A221A9 /* MAProfileOptionTableViewCell.swift */; };
		B1199BED1DB7EFB900A221A9 /* loginViewController.swift in Sources */ = {isa = PBXBuildFile; fileRef = B1199BEC1DB7EFB900A221A9 /* loginViewController.swift */; };
		B11B5D951DADBD1300614BB4 /* HomeSearchViewController.swift in Sources */ = {isa = PBXBuildFile; fileRef = B11B5D941DADBD1300614BB4 /* HomeSearchViewController.swift */; };
		B11B5D971DADBD7A00614BB4 /* RestaurantTableViewController.swift in Sources */ = {isa = PBXBuildFile; fileRef = B11B5D961DADBD7A00614BB4 /* RestaurantTableViewController.swift */; };
		B11B5D991DADBD8E00614BB4 /* FoodDishTableViewController.swift in Sources */ = {isa = PBXBuildFile; fileRef = B11B5D981DADBD8E00614BB4 /* FoodDishTableViewController.swift */; };
		B11B5D9E1DADC18800614BB4 /* MAFoodItemTableViewCell.swift in Sources */ = {isa = PBXBuildFile; fileRef = B11B5D9C1DADC18800614BB4 /* MAFoodItemTableViewCell.swift */; };
		B11B5D9F1DADC18800614BB4 /* MAFoodItemTableViewCell.xib in Resources */ = {isa = PBXBuildFile; fileRef = B11B5D9D1DADC18800614BB4 /* MAFoodItemTableViewCell.xib */; };
		B11B5DA21DADC19100614BB4 /* MARestaurantTableViewCell.swift in Sources */ = {isa = PBXBuildFile; fileRef = B11B5DA01DADC19100614BB4 /* MARestaurantTableViewCell.swift */; };
		B11B5DA31DADC19100614BB4 /* MARestaurantTableViewCell.xib in Resources */ = {isa = PBXBuildFile; fileRef = B11B5DA11DADC19100614BB4 /* MARestaurantTableViewCell.xib */; };
		B11B5DA51DADC1E600614BB4 /* UtilityFunctions.swift in Sources */ = {isa = PBXBuildFile; fileRef = B11B5DA41DADC1E600614BB4 /* UtilityFunctions.swift */; };
		B11B5DB51DADC25400614BB4 /* SIL Open Font License.txt in Resources */ = {isa = PBXBuildFile; fileRef = B11B5DA71DADC25400614BB4 /* SIL Open Font License.txt */; };
		B11B5DB61DADC25400614BB4 /* SourceSansPro-Black.otf in Resources */ = {isa = PBXBuildFile; fileRef = B11B5DA81DADC25400614BB4 /* SourceSansPro-Black.otf */; };
		B11B5DB71DADC25400614BB4 /* SourceSansPro-BlackIt.otf in Resources */ = {isa = PBXBuildFile; fileRef = B11B5DA91DADC25400614BB4 /* SourceSansPro-BlackIt.otf */; };
		B11B5DB81DADC25400614BB4 /* SourceSansPro-Bold.otf in Resources */ = {isa = PBXBuildFile; fileRef = B11B5DAA1DADC25400614BB4 /* SourceSansPro-Bold.otf */; };
		B11B5DB91DADC25400614BB4 /* SourceSansPro-BoldIt.otf in Resources */ = {isa = PBXBuildFile; fileRef = B11B5DAB1DADC25400614BB4 /* SourceSansPro-BoldIt.otf */; };
		B11B5DBA1DADC25400614BB4 /* SourceSansPro-ExtraLight.otf in Resources */ = {isa = PBXBuildFile; fileRef = B11B5DAC1DADC25400614BB4 /* SourceSansPro-ExtraLight.otf */; };
		B11B5DBB1DADC25400614BB4 /* SourceSansPro-ExtraLightIt.otf in Resources */ = {isa = PBXBuildFile; fileRef = B11B5DAD1DADC25400614BB4 /* SourceSansPro-ExtraLightIt.otf */; };
		B11B5DBC1DADC25400614BB4 /* SourceSansPro-It.otf in Resources */ = {isa = PBXBuildFile; fileRef = B11B5DAE1DADC25400614BB4 /* SourceSansPro-It.otf */; };
		B11B5DBD1DADC25400614BB4 /* SourceSansPro-Light.otf in Resources */ = {isa = PBXBuildFile; fileRef = B11B5DAF1DADC25400614BB4 /* SourceSansPro-Light.otf */; };
		B11B5DBE1DADC25400614BB4 /* SourceSansPro-LightIt.otf in Resources */ = {isa = PBXBuildFile; fileRef = B11B5DB01DADC25400614BB4 /* SourceSansPro-LightIt.otf */; };
		B11B5DBF1DADC25400614BB4 /* SourceSansPro-Regular.otf in Resources */ = {isa = PBXBuildFile; fileRef = B11B5DB11DADC25400614BB4 /* SourceSansPro-Regular.otf */; };
		B11B5DC01DADC25400614BB4 /* SourceSansPro-Semibold.otf in Resources */ = {isa = PBXBuildFile; fileRef = B11B5DB21DADC25400614BB4 /* SourceSansPro-Semibold.otf */; };
		B11B5DC11DADC25400614BB4 /* SourceSansPro-SemiboldIt.otf in Resources */ = {isa = PBXBuildFile; fileRef = B11B5DB31DADC25400614BB4 /* SourceSansPro-SemiboldIt.otf */; };
		B11B5DC51DADC2D500614BB4 /* AppConstants.swift in Sources */ = {isa = PBXBuildFile; fileRef = B11B5DC41DADC2D500614BB4 /* AppConstants.swift */; };
		B11B5DC71DADCA8700614BB4 /* ProfileMainViewController.swift in Sources */ = {isa = PBXBuildFile; fileRef = B11B5DC61DADCA8700614BB4 /* ProfileMainViewController.swift */; };
		B167F1E51DAB3CE1008EE90B /* MALocationManager.swift in Sources */ = {isa = PBXBuildFile; fileRef = B167F1E21DAB3CE1008EE90B /* MALocationManager.swift */; };
		B167F1E61DAB3CE1008EE90B /* ImagePickerHandler.swift in Sources */ = {isa = PBXBuildFile; fileRef = B167F1E31DAB3CE1008EE90B /* ImagePickerHandler.swift */; };
		B167F1E71DAB3CE1008EE90B /* InternetReachability.swift in Sources */ = {isa = PBXBuildFile; fileRef = B167F1E41DAB3CE1008EE90B /* InternetReachability.swift */; };
		B167F1EC1DAB3D3F008EE90B /* FirebaseConstants.swift in Sources */ = {isa = PBXBuildFile; fileRef = B167F1E91DAB3D3F008EE90B /* FirebaseConstants.swift */; };
		B167F1ED1DAB3D3F008EE90B /* FirebaseUserHandler.swift in Sources */ = {isa = PBXBuildFile; fileRef = B167F1EA1DAB3D3F008EE90B /* FirebaseUserHandler.swift */; };
		B167F1EE1DAB3D3F008EE90B /* FirebaseImageHandler.swift in Sources */ = {isa = PBXBuildFile; fileRef = B167F1EB1DAB3D3F008EE90B /* FirebaseImageHandler.swift */; };
		B167F1F11DAB4EBB008EE90B /* Home.storyboard in Resources */ = {isa = PBXBuildFile; fileRef = B167F1EF1DAB4EBB008EE90B /* Home.storyboard */; };
		B167F1F31DAB4EE9008EE90B /* Review.storyboard in Resources */ = {isa = PBXBuildFile; fileRef = B167F1F21DAB4EE9008EE90B /* Review.storyboard */; };
		B167F1F61DAB4F33008EE90B /* Profile.storyboard in Resources */ = {isa = PBXBuildFile; fileRef = B167F1F41DAB4F33008EE90B /* Profile.storyboard */; };
		B167F1F81DAB4F71008EE90B /* SavedList.storyboard in Resources */ = {isa = PBXBuildFile; fileRef = B167F1F71DAB4F71008EE90B /* SavedList.storyboard */; };
		B197DD2A1DB1688B00D76DB5 /* FoodDetailViewController.swift in Sources */ = {isa = PBXBuildFile; fileRef = B197DD291DB1688B00D76DB5 /* FoodDetailViewController.swift */; };
		B197DD2C1DB1920A00D76DB5 /* FirebaseDataHandler.swift in Sources */ = {isa = PBXBuildFile; fileRef = B197DD2B1DB1920A00D76DB5 /* FirebaseDataHandler.swift */; };
		B197DD2F1DB1ABFD00D76DB5 /* RestaurantObject.swift in Sources */ = {isa = PBXBuildFile; fileRef = B197DD2E1DB1ABFD00D76DB5 /* RestaurantObject.swift */; };
		B197DD311DB2FB5600D76DB5 /* DishObject.swift in Sources */ = {isa = PBXBuildFile; fileRef = B197DD301DB2FB5600D76DB5 /* DishObject.swift */; };
		B197DD331DB2FCDF00D76DB5 /* ReviewObject.swift in Sources */ = {isa = PBXBuildFile; fileRef = B197DD321DB2FCDF00D76DB5 /* ReviewObject.swift */; };
		B197DD351DB2FE0C00D76DB5 /* FirebaseObjectConverter.swift in Sources */ = {isa = PBXBuildFile; fileRef = B197DD341DB2FE0C00D76DB5 /* FirebaseObjectConverter.swift */; };
		B197DD371DB3115100D76DB5 /* UserObject.swift in Sources */ = {isa = PBXBuildFile; fileRef = B197DD361DB3115100D76DB5 /* UserObject.swift */; };
		B197DD3B1DB31A9800D76DB5 /* ReviewViewController.swift in Sources */ = {isa = PBXBuildFile; fileRef = B197DD3A1DB31A9800D76DB5 /* ReviewViewController.swift */; };
		B197DD3D1DB32FF900D76DB5 /* ReviewPickRestaurantTableViewController.swift in Sources */ = {isa = PBXBuildFile; fileRef = B197DD3C1DB32FF900D76DB5 /* ReviewPickRestaurantTableViewController.swift */; };
		B197DD3F1DB34D0500D76DB5 /* ReviewPickRestaurantMainViewController.swift in Sources */ = {isa = PBXBuildFile; fileRef = B197DD3E1DB34D0500D76DB5 /* ReviewPickRestaurantMainViewController.swift */; };
		B197DD441DB35E9800D76DB5 /* RestaurantPickMenuTableViewController.swift in Sources */ = {isa = PBXBuildFile; fileRef = B197DD431DB35E9800D76DB5 /* RestaurantPickMenuTableViewController.swift */; };
		B197DD461DB35EB000D76DB5 /* RestaurantMenuTableViewController.swift in Sources */ = {isa = PBXBuildFile; fileRef = B197DD451DB35EB000D76DB5 /* RestaurantMenuTableViewController.swift */; };
		B197DD481DB35ED100D76DB5 /* ResturantMenuMainViewController.swift in Sources */ = {isa = PBXBuildFile; fileRef = B197DD471DB35ED100D76DB5 /* ResturantMenuMainViewController.swift */; };
		B197DD4A1DB43B2300D76DB5 /* ReviewPickMenuTableViewController.swift in Sources */ = {isa = PBXBuildFile; fileRef = B197DD491DB43B2300D76DB5 /* ReviewPickMenuTableViewController.swift */; };
		B197DD4C1DB43C3200D76DB5 /* ReviewMenuTableViewController.swift in Sources */ = {isa = PBXBuildFile; fileRef = B197DD4B1DB43C3200D76DB5 /* ReviewMenuTableViewController.swift */; };
		B197DD521DB4490B00D76DB5 /* ReviewPickDishMainViewController.swift in Sources */ = {isa = PBXBuildFile; fileRef = B197DD511DB4490B00D76DB5 /* ReviewPickDishMainViewController.swift */; };
		B197DD561DB49D9000D76DB5 /* MAFoodReviewTableViewCell.swift in Sources */ = {isa = PBXBuildFile; fileRef = B197DD531DB49D9000D76DB5 /* MAFoodReviewTableViewCell.swift */; };
		B197DD571DB49D9000D76DB5 /* MAFoodReviewTableViewCell.xib in Resources */ = {isa = PBXBuildFile; fileRef = B197DD541DB49D9000D76DB5 /* MAFoodReviewTableViewCell.xib */; };
		B197DD581DB49D9000D76DB5 /* ReviewTableViewController.swift in Sources */ = {isa = PBXBuildFile; fileRef = B197DD551DB49D9000D76DB5 /* ReviewTableViewController.swift */; };
		B1BCC3251DAB523C0016CA39 /* GoogleService-Info.plist in Resources */ = {isa = PBXBuildFile; fileRef = B1BCC3241DAB523C0016CA39 /* GoogleService-Info.plist */; };
		B1DE60CB1DB7409600055E0B /* RestaurantMainDetailViewController.swift in Sources */ = {isa = PBXBuildFile; fileRef = B1DE60CA1DB7409600055E0B /* RestaurantMainDetailViewController.swift */; };
		B1DE60CD1DB745E500055E0B /* RestaurantSearchTableViewController.swift in Sources */ = {isa = PBXBuildFile; fileRef = B1DE60CC1DB745E500055E0B /* RestaurantSearchTableViewController.swift */; };
		B7492F601DAB381F002EADDC /* AppDelegate.swift in Sources */ = {isa = PBXBuildFile; fileRef = B7492F5F1DAB381F002EADDC /* AppDelegate.swift */; };
		B7492F621DAB381F002EADDC /* ViewController.swift in Sources */ = {isa = PBXBuildFile; fileRef = B7492F611DAB381F002EADDC /* ViewController.swift */; };
		B7492F651DAB381F002EADDC /* Main.storyboard in Resources */ = {isa = PBXBuildFile; fileRef = B7492F631DAB381F002EADDC /* Main.storyboard */; };
		B7492F681DAB381F002EADDC /* Vittles.xcdatamodeld in Sources */ = {isa = PBXBuildFile; fileRef = B7492F661DAB381F002EADDC /* Vittles.xcdatamodeld */; };
		B7492F6A1DAB381F002EADDC /* Assets.xcassets in Resources */ = {isa = PBXBuildFile; fileRef = B7492F691DAB381F002EADDC /* Assets.xcassets */; };
		B7492F6D1DAB381F002EADDC /* LaunchScreen.storyboard in Resources */ = {isa = PBXBuildFile; fileRef = B7492F6B1DAB381F002EADDC /* LaunchScreen.storyboard */; };
		B7492F781DAB381F002EADDC /* VittlesTests.swift in Sources */ = {isa = PBXBuildFile; fileRef = B7492F771DAB381F002EADDC /* VittlesTests.swift */; };
		B7492F831DAB3820002EADDC /* VittlesUITests.swift in Sources */ = {isa = PBXBuildFile; fileRef = B7492F821DAB3820002EADDC /* VittlesUITests.swift */; };
/* End PBXBuildFile section */

/* Begin PBXContainerItemProxy section */
		B7492F741DAB381F002EADDC /* PBXContainerItemProxy */ = {
			isa = PBXContainerItemProxy;
			containerPortal = B7492F541DAB381F002EADDC /* Project object */;
			proxyType = 1;
			remoteGlobalIDString = B7492F5B1DAB381F002EADDC;
			remoteInfo = Vittles;
		};
		B7492F7F1DAB381F002EADDC /* PBXContainerItemProxy */ = {
			isa = PBXContainerItemProxy;
			containerPortal = B7492F541DAB381F002EADDC /* Project object */;
			proxyType = 1;
			remoteGlobalIDString = B7492F5B1DAB381F002EADDC;
			remoteInfo = Vittles;
		};
/* End PBXContainerItemProxy section */

/* Begin PBXFileReference section */
		08EEB7F45333593906524832 /* Pods-VittlesTests.release.xcconfig */ = {isa = PBXFileReference; includeInIndex = 1; lastKnownFileType = text.xcconfig; name = "Pods-VittlesTests.release.xcconfig"; path = "Pods/Target Support Files/Pods-VittlesTests/Pods-VittlesTests.release.xcconfig"; sourceTree = "<group>"; };
		2DAC6CCDF88015B2205F66F8 /* Pods-VittlesTests.debug.xcconfig */ = {isa = PBXFileReference; includeInIndex = 1; lastKnownFileType = text.xcconfig; name = "Pods-VittlesTests.debug.xcconfig"; path = "Pods/Target Support Files/Pods-VittlesTests/Pods-VittlesTests.debug.xcconfig"; sourceTree = "<group>"; };
		658BCAF2C4FCE15A137CD9C3 /* Pods_VittlesUITests.framework */ = {isa = PBXFileReference; explicitFileType = wrapper.framework; includeInIndex = 0; path = Pods_VittlesUITests.framework; sourceTree = BUILT_PRODUCTS_DIR; };
		67317E34336183899428DB2F /* Pods-VittlesUITests.debug.xcconfig */ = {isa = PBXFileReference; includeInIndex = 1; lastKnownFileType = text.xcconfig; name = "Pods-VittlesUITests.debug.xcconfig"; path = "Pods/Target Support Files/Pods-VittlesUITests/Pods-VittlesUITests.debug.xcconfig"; sourceTree = "<group>"; };
		A086DC95081261199F7482AD /* Pods-Vittles.release.xcconfig */ = {isa = PBXFileReference; includeInIndex = 1; lastKnownFileType = text.xcconfig; name = "Pods-Vittles.release.xcconfig"; path = "Pods/Target Support Files/Pods-Vittles/Pods-Vittles.release.xcconfig"; sourceTree = "<group>"; };
		B1199BE81DB7EDED00A221A9 /* MAProfileOptionsTableViewController.swift */ = {isa = PBXFileReference; fileEncoding = 4; lastKnownFileType = sourcecode.swift; name = MAProfileOptionsTableViewController.swift; path = ../../MenuApp/MenuApp/MAProfileOptionsTableViewController.swift; sourceTree = "<group>"; };
		B1199BE91DB7EDED00A221A9 /* MAProfileOptionTableViewCell.swift */ = {isa = PBXFileReference; fileEncoding = 4; lastKnownFileType = sourcecode.swift; name = MAProfileOptionTableViewCell.swift; path = ../../MenuApp/MenuApp/MAProfileOptionTableViewCell.swift; sourceTree = "<group>"; };
		B1199BEC1DB7EFB900A221A9 /* loginViewController.swift */ = {isa = PBXFileReference; fileEncoding = 4; lastKnownFileType = sourcecode.swift; path = loginViewController.swift; sourceTree = "<group>"; };
		B11B5D941DADBD1300614BB4 /* HomeSearchViewController.swift */ = {isa = PBXFileReference; fileEncoding = 4; lastKnownFileType = sourcecode.swift; path = HomeSearchViewController.swift; sourceTree = "<group>"; };
		B11B5D961DADBD7A00614BB4 /* RestaurantTableViewController.swift */ = {isa = PBXFileReference; fileEncoding = 4; lastKnownFileType = sourcecode.swift; path = RestaurantTableViewController.swift; sourceTree = "<group>"; };
		B11B5D981DADBD8E00614BB4 /* FoodDishTableViewController.swift */ = {isa = PBXFileReference; fileEncoding = 4; lastKnownFileType = sourcecode.swift; path = FoodDishTableViewController.swift; sourceTree = "<group>"; };
		B11B5D9C1DADC18800614BB4 /* MAFoodItemTableViewCell.swift */ = {isa = PBXFileReference; fileEncoding = 4; lastKnownFileType = sourcecode.swift; path = MAFoodItemTableViewCell.swift; sourceTree = "<group>"; };
		B11B5D9D1DADC18800614BB4 /* MAFoodItemTableViewCell.xib */ = {isa = PBXFileReference; fileEncoding = 4; lastKnownFileType = file.xib; path = MAFoodItemTableViewCell.xib; sourceTree = "<group>"; };
		B11B5DA01DADC19100614BB4 /* MARestaurantTableViewCell.swift */ = {isa = PBXFileReference; fileEncoding = 4; lastKnownFileType = sourcecode.swift; path = MARestaurantTableViewCell.swift; sourceTree = "<group>"; };
		B11B5DA11DADC19100614BB4 /* MARestaurantTableViewCell.xib */ = {isa = PBXFileReference; fileEncoding = 4; lastKnownFileType = file.xib; path = MARestaurantTableViewCell.xib; sourceTree = "<group>"; };
		B11B5DA41DADC1E600614BB4 /* UtilityFunctions.swift */ = {isa = PBXFileReference; fileEncoding = 4; lastKnownFileType = sourcecode.swift; path = UtilityFunctions.swift; sourceTree = "<group>"; };
		B11B5DA71DADC25400614BB4 /* SIL Open Font License.txt */ = {isa = PBXFileReference; fileEncoding = 4; lastKnownFileType = text; path = "SIL Open Font License.txt"; sourceTree = "<group>"; };
		B11B5DA81DADC25400614BB4 /* SourceSansPro-Black.otf */ = {isa = PBXFileReference; lastKnownFileType = file; path = "SourceSansPro-Black.otf"; sourceTree = "<group>"; };
		B11B5DA91DADC25400614BB4 /* SourceSansPro-BlackIt.otf */ = {isa = PBXFileReference; lastKnownFileType = file; path = "SourceSansPro-BlackIt.otf"; sourceTree = "<group>"; };
		B11B5DAA1DADC25400614BB4 /* SourceSansPro-Bold.otf */ = {isa = PBXFileReference; lastKnownFileType = file; path = "SourceSansPro-Bold.otf"; sourceTree = "<group>"; };
		B11B5DAB1DADC25400614BB4 /* SourceSansPro-BoldIt.otf */ = {isa = PBXFileReference; lastKnownFileType = file; path = "SourceSansPro-BoldIt.otf"; sourceTree = "<group>"; };
		B11B5DAC1DADC25400614BB4 /* SourceSansPro-ExtraLight.otf */ = {isa = PBXFileReference; lastKnownFileType = file; path = "SourceSansPro-ExtraLight.otf"; sourceTree = "<group>"; };
		B11B5DAD1DADC25400614BB4 /* SourceSansPro-ExtraLightIt.otf */ = {isa = PBXFileReference; lastKnownFileType = file; path = "SourceSansPro-ExtraLightIt.otf"; sourceTree = "<group>"; };
		B11B5DAE1DADC25400614BB4 /* SourceSansPro-It.otf */ = {isa = PBXFileReference; lastKnownFileType = file; path = "SourceSansPro-It.otf"; sourceTree = "<group>"; };
		B11B5DAF1DADC25400614BB4 /* SourceSansPro-Light.otf */ = {isa = PBXFileReference; lastKnownFileType = file; path = "SourceSansPro-Light.otf"; sourceTree = "<group>"; };
		B11B5DB01DADC25400614BB4 /* SourceSansPro-LightIt.otf */ = {isa = PBXFileReference; lastKnownFileType = file; path = "SourceSansPro-LightIt.otf"; sourceTree = "<group>"; };
		B11B5DB11DADC25400614BB4 /* SourceSansPro-Regular.otf */ = {isa = PBXFileReference; lastKnownFileType = file; path = "SourceSansPro-Regular.otf"; sourceTree = "<group>"; };
		B11B5DB21DADC25400614BB4 /* SourceSansPro-Semibold.otf */ = {isa = PBXFileReference; lastKnownFileType = file; path = "SourceSansPro-Semibold.otf"; sourceTree = "<group>"; };
		B11B5DB31DADC25400614BB4 /* SourceSansPro-SemiboldIt.otf */ = {isa = PBXFileReference; lastKnownFileType = file; path = "SourceSansPro-SemiboldIt.otf"; sourceTree = "<group>"; };
		B11B5DC21DADC25D00614BB4 /* arialRoundedMT_Bold.ttf */ = {isa = PBXFileReference; lastKnownFileType = file; path = arialRoundedMT_Bold.ttf; sourceTree = "<group>"; };
		B11B5DC41DADC2D500614BB4 /* AppConstants.swift */ = {isa = PBXFileReference; fileEncoding = 4; lastKnownFileType = sourcecode.swift; path = AppConstants.swift; sourceTree = "<group>"; };
		B11B5DC61DADCA8700614BB4 /* ProfileMainViewController.swift */ = {isa = PBXFileReference; fileEncoding = 4; lastKnownFileType = sourcecode.swift; path = ProfileMainViewController.swift; sourceTree = "<group>"; };
		B167F1E21DAB3CE1008EE90B /* MALocationManager.swift */ = {isa = PBXFileReference; fileEncoding = 4; lastKnownFileType = sourcecode.swift; path = MALocationManager.swift; sourceTree = "<group>"; };
		B167F1E31DAB3CE1008EE90B /* ImagePickerHandler.swift */ = {isa = PBXFileReference; fileEncoding = 4; lastKnownFileType = sourcecode.swift; path = ImagePickerHandler.swift; sourceTree = "<group>"; };
		B167F1E41DAB3CE1008EE90B /* InternetReachability.swift */ = {isa = PBXFileReference; fileEncoding = 4; lastKnownFileType = sourcecode.swift; path = InternetReachability.swift; sourceTree = "<group>"; };
		B167F1E91DAB3D3F008EE90B /* FirebaseConstants.swift */ = {isa = PBXFileReference; fileEncoding = 4; lastKnownFileType = sourcecode.swift; path = FirebaseConstants.swift; sourceTree = "<group>"; };
		B167F1EA1DAB3D3F008EE90B /* FirebaseUserHandler.swift */ = {isa = PBXFileReference; fileEncoding = 4; lastKnownFileType = sourcecode.swift; path = FirebaseUserHandler.swift; sourceTree = "<group>"; };
		B167F1EB1DAB3D3F008EE90B /* FirebaseImageHandler.swift */ = {isa = PBXFileReference; fileEncoding = 4; lastKnownFileType = sourcecode.swift; path = FirebaseImageHandler.swift; sourceTree = "<group>"; };
		B167F1F01DAB4EBB008EE90B /* Base */ = {isa = PBXFileReference; lastKnownFileType = file.storyboard; name = Base; path = Base.lproj/Home.storyboard; sourceTree = "<group>"; };
		B167F1F21DAB4EE9008EE90B /* Review.storyboard */ = {isa = PBXFileReference; fileEncoding = 4; lastKnownFileType = file.storyboard; path = Review.storyboard; sourceTree = "<group>"; };
		B167F1F51DAB4F33008EE90B /* Base */ = {isa = PBXFileReference; lastKnownFileType = file.storyboard; name = Base; path = Base.lproj/Profile.storyboard; sourceTree = "<group>"; };
		B167F1F71DAB4F71008EE90B /* SavedList.storyboard */ = {isa = PBXFileReference; fileEncoding = 4; lastKnownFileType = file.storyboard; path = SavedList.storyboard; sourceTree = "<group>"; };
		B197DD291DB1688B00D76DB5 /* FoodDetailViewController.swift */ = {isa = PBXFileReference; fileEncoding = 4; lastKnownFileType = sourcecode.swift; path = FoodDetailViewController.swift; sourceTree = "<group>"; };
		B197DD2B1DB1920A00D76DB5 /* FirebaseDataHandler.swift */ = {isa = PBXFileReference; fileEncoding = 4; lastKnownFileType = sourcecode.swift; path = FirebaseDataHandler.swift; sourceTree = "<group>"; };
		B197DD2E1DB1ABFD00D76DB5 /* RestaurantObject.swift */ = {isa = PBXFileReference; fileEncoding = 4; lastKnownFileType = sourcecode.swift; path = RestaurantObject.swift; sourceTree = "<group>"; };
		B197DD301DB2FB5600D76DB5 /* DishObject.swift */ = {isa = PBXFileReference; fileEncoding = 4; lastKnownFileType = sourcecode.swift; path = DishObject.swift; sourceTree = "<group>"; };
		B197DD321DB2FCDF00D76DB5 /* ReviewObject.swift */ = {isa = PBXFileReference; fileEncoding = 4; lastKnownFileType = sourcecode.swift; path = ReviewObject.swift; sourceTree = "<group>"; };
		B197DD341DB2FE0C00D76DB5 /* FirebaseObjectConverter.swift */ = {isa = PBXFileReference; fileEncoding = 4; lastKnownFileType = sourcecode.swift; path = FirebaseObjectConverter.swift; sourceTree = "<group>"; };
		B197DD361DB3115100D76DB5 /* UserObject.swift */ = {isa = PBXFileReference; fileEncoding = 4; lastKnownFileType = sourcecode.swift; path = UserObject.swift; sourceTree = "<group>"; };
		B197DD3A1DB31A9800D76DB5 /* ReviewViewController.swift */ = {isa = PBXFileReference; fileEncoding = 4; lastKnownFileType = sourcecode.swift; path = ReviewViewController.swift; sourceTree = "<group>"; };
		B197DD3C1DB32FF900D76DB5 /* ReviewPickRestaurantTableViewController.swift */ = {isa = PBXFileReference; fileEncoding = 4; lastKnownFileType = sourcecode.swift; path = ReviewPickRestaurantTableViewController.swift; sourceTree = "<group>"; };
		B197DD3E1DB34D0500D76DB5 /* ReviewPickRestaurantMainViewController.swift */ = {isa = PBXFileReference; fileEncoding = 4; lastKnownFileType = sourcecode.swift; path = ReviewPickRestaurantMainViewController.swift; sourceTree = "<group>"; };
		B197DD431DB35E9800D76DB5 /* RestaurantPickMenuTableViewController.swift */ = {isa = PBXFileReference; fileEncoding = 4; lastKnownFileType = sourcecode.swift; path = RestaurantPickMenuTableViewController.swift; sourceTree = "<group>"; };
		B197DD451DB35EB000D76DB5 /* RestaurantMenuTableViewController.swift */ = {isa = PBXFileReference; fileEncoding = 4; lastKnownFileType = sourcecode.swift; path = RestaurantMenuTableViewController.swift; sourceTree = "<group>"; };
		B197DD471DB35ED100D76DB5 /* ResturantMenuMainViewController.swift */ = {isa = PBXFileReference; fileEncoding = 4; lastKnownFileType = sourcecode.swift; path = ResturantMenuMainViewController.swift; sourceTree = "<group>"; };
		B197DD491DB43B2300D76DB5 /* ReviewPickMenuTableViewController.swift */ = {isa = PBXFileReference; fileEncoding = 4; lastKnownFileType = sourcecode.swift; path = ReviewPickMenuTableViewController.swift; sourceTree = "<group>"; };
		B197DD4B1DB43C3200D76DB5 /* ReviewMenuTableViewController.swift */ = {isa = PBXFileReference; fileEncoding = 4; lastKnownFileType = sourcecode.swift; path = ReviewMenuTableViewController.swift; sourceTree = "<group>"; };
		B197DD511DB4490B00D76DB5 /* ReviewPickDishMainViewController.swift */ = {isa = PBXFileReference; fileEncoding = 4; lastKnownFileType = sourcecode.swift; path = ReviewPickDishMainViewController.swift; sourceTree = "<group>"; };
		B197DD531DB49D9000D76DB5 /* MAFoodReviewTableViewCell.swift */ = {isa = PBXFileReference; fileEncoding = 4; lastKnownFileType = sourcecode.swift; path = MAFoodReviewTableViewCell.swift; sourceTree = "<group>"; };
		B197DD541DB49D9000D76DB5 /* MAFoodReviewTableViewCell.xib */ = {isa = PBXFileReference; fileEncoding = 4; lastKnownFileType = file.xib; path = MAFoodReviewTableViewCell.xib; sourceTree = "<group>"; };
		B197DD551DB49D9000D76DB5 /* ReviewTableViewController.swift */ = {isa = PBXFileReference; fileEncoding = 4; lastKnownFileType = sourcecode.swift; path = ReviewTableViewController.swift; sourceTree = "<group>"; };
		B1BCC3241DAB523C0016CA39 /* GoogleService-Info.plist */ = {isa = PBXFileReference; fileEncoding = 4; lastKnownFileType = text.plist.xml; path = "GoogleService-Info.plist"; sourceTree = "<group>"; };
		B1DE60CA1DB7409600055E0B /* RestaurantMainDetailViewController.swift */ = {isa = PBXFileReference; fileEncoding = 4; lastKnownFileType = sourcecode.swift; path = RestaurantMainDetailViewController.swift; sourceTree = "<group>"; };
		B1DE60CC1DB745E500055E0B /* RestaurantSearchTableViewController.swift */ = {isa = PBXFileReference; fileEncoding = 4; lastKnownFileType = sourcecode.swift; path = RestaurantSearchTableViewController.swift; sourceTree = "<group>"; };
		B40AAFF0F980D4D576F09C95 /* Pods_Vittles.framework */ = {isa = PBXFileReference; explicitFileType = wrapper.framework; includeInIndex = 0; path = Pods_Vittles.framework; sourceTree = BUILT_PRODUCTS_DIR; };
		B7492F5C1DAB381F002EADDC /* Vittles.app */ = {isa = PBXFileReference; explicitFileType = wrapper.application; includeInIndex = 0; path = Vittles.app; sourceTree = BUILT_PRODUCTS_DIR; };
		B7492F5F1DAB381F002EADDC /* AppDelegate.swift */ = {isa = PBXFileReference; lastKnownFileType = sourcecode.swift; path = AppDelegate.swift; sourceTree = "<group>"; };
		B7492F611DAB381F002EADDC /* ViewController.swift */ = {isa = PBXFileReference; lastKnownFileType = sourcecode.swift; path = ViewController.swift; sourceTree = "<group>"; };
		B7492F641DAB381F002EADDC /* Base */ = {isa = PBXFileReference; lastKnownFileType = file.storyboard; name = Base; path = Base.lproj/Main.storyboard; sourceTree = "<group>"; };
		B7492F671DAB381F002EADDC /* Vittles.xcdatamodel */ = {isa = PBXFileReference; lastKnownFileType = wrapper.xcdatamodel; path = Vittles.xcdatamodel; sourceTree = "<group>"; };
		B7492F691DAB381F002EADDC /* Assets.xcassets */ = {isa = PBXFileReference; lastKnownFileType = folder.assetcatalog; path = Assets.xcassets; sourceTree = "<group>"; };
		B7492F6C1DAB381F002EADDC /* Base */ = {isa = PBXFileReference; lastKnownFileType = file.storyboard; name = Base; path = Base.lproj/LaunchScreen.storyboard; sourceTree = "<group>"; };
		B7492F6E1DAB381F002EADDC /* Info.plist */ = {isa = PBXFileReference; lastKnownFileType = text.plist.xml; path = Info.plist; sourceTree = "<group>"; };
		B7492F731DAB381F002EADDC /* VittlesTests.xctest */ = {isa = PBXFileReference; explicitFileType = wrapper.cfbundle; includeInIndex = 0; path = VittlesTests.xctest; sourceTree = BUILT_PRODUCTS_DIR; };
		B7492F771DAB381F002EADDC /* VittlesTests.swift */ = {isa = PBXFileReference; lastKnownFileType = sourcecode.swift; path = VittlesTests.swift; sourceTree = "<group>"; };
		B7492F791DAB381F002EADDC /* Info.plist */ = {isa = PBXFileReference; lastKnownFileType = text.plist.xml; path = Info.plist; sourceTree = "<group>"; };
		B7492F7E1DAB381F002EADDC /* VittlesUITests.xctest */ = {isa = PBXFileReference; explicitFileType = wrapper.cfbundle; includeInIndex = 0; path = VittlesUITests.xctest; sourceTree = BUILT_PRODUCTS_DIR; };
		B7492F821DAB3820002EADDC /* VittlesUITests.swift */ = {isa = PBXFileReference; lastKnownFileType = sourcecode.swift; path = VittlesUITests.swift; sourceTree = "<group>"; };
		B7492F841DAB3820002EADDC /* Info.plist */ = {isa = PBXFileReference; lastKnownFileType = text.plist.xml; path = Info.plist; sourceTree = "<group>"; };
		C750FDCF1E2BD1356738AD65 /* Pods-Vittles.debug.xcconfig */ = {isa = PBXFileReference; includeInIndex = 1; lastKnownFileType = text.xcconfig; name = "Pods-Vittles.debug.xcconfig"; path = "Pods/Target Support Files/Pods-Vittles/Pods-Vittles.debug.xcconfig"; sourceTree = "<group>"; };
		CFF69218590389A6581B712C /* Pods_VittlesTests.framework */ = {isa = PBXFileReference; explicitFileType = wrapper.framework; includeInIndex = 0; path = Pods_VittlesTests.framework; sourceTree = BUILT_PRODUCTS_DIR; };
		F466C8E562EAFF3A34C0681F /* Pods-VittlesUITests.release.xcconfig */ = {isa = PBXFileReference; includeInIndex = 1; lastKnownFileType = text.xcconfig; name = "Pods-VittlesUITests.release.xcconfig"; path = "Pods/Target Support Files/Pods-VittlesUITests/Pods-VittlesUITests.release.xcconfig"; sourceTree = "<group>"; };
/* End PBXFileReference section */

/* Begin PBXFrameworksBuildPhase section */
		B7492F591DAB381F002EADDC /* Frameworks */ = {
			isa = PBXFrameworksBuildPhase;
			buildActionMask = 2147483647;
			files = (
				489ED0083DCF466643F1E0BC /* Pods_Vittles.framework in Frameworks */,
			);
			runOnlyForDeploymentPostprocessing = 0;
		};
		B7492F701DAB381F002EADDC /* Frameworks */ = {
			isa = PBXFrameworksBuildPhase;
			buildActionMask = 2147483647;
			files = (
				4C11684618F0458C8138CF59 /* Pods_VittlesTests.framework in Frameworks */,
			);
			runOnlyForDeploymentPostprocessing = 0;
		};
		B7492F7B1DAB381F002EADDC /* Frameworks */ = {
			isa = PBXFrameworksBuildPhase;
			buildActionMask = 2147483647;
			files = (
				6C202C4C035DAB45DE5A3B44 /* Pods_VittlesUITests.framework in Frameworks */,
			);
			runOnlyForDeploymentPostprocessing = 0;
		};
/* End PBXFrameworksBuildPhase section */

/* Begin PBXGroup section */
		49338323E45B06029B7F9AD1 /* Pods */ = {
			isa = PBXGroup;
			children = (
				C750FDCF1E2BD1356738AD65 /* Pods-Vittles.debug.xcconfig */,
				A086DC95081261199F7482AD /* Pods-Vittles.release.xcconfig */,
				2DAC6CCDF88015B2205F66F8 /* Pods-VittlesTests.debug.xcconfig */,
				08EEB7F45333593906524832 /* Pods-VittlesTests.release.xcconfig */,
				67317E34336183899428DB2F /* Pods-VittlesUITests.debug.xcconfig */,
				F466C8E562EAFF3A34C0681F /* Pods-VittlesUITests.release.xcconfig */,
			);
			name = Pods;
			sourceTree = "<group>";
		};
		5539562110D9E12BB9DF77D5 /* Frameworks */ = {
			isa = PBXGroup;
			children = (
				B40AAFF0F980D4D576F09C95 /* Pods_Vittles.framework */,
				CFF69218590389A6581B712C /* Pods_VittlesTests.framework */,
				658BCAF2C4FCE15A137CD9C3 /* Pods_VittlesUITests.framework */,
			);
			name = Frameworks;
			sourceTree = "<group>";
		};
		B11B5D9A1DADC14200614BB4 /* FoodDishCell */ = {
			isa = PBXGroup;
			children = (
				B11B5D9C1DADC18800614BB4 /* MAFoodItemTableViewCell.swift */,
				B11B5D9D1DADC18800614BB4 /* MAFoodItemTableViewCell.xib */,
			);
			name = FoodDishCell;
			sourceTree = "<group>";
		};
		B11B5D9B1DADC14F00614BB4 /* RestaurantCell */ = {
			isa = PBXGroup;
			children = (
				B11B5DA01DADC19100614BB4 /* MARestaurantTableViewCell.swift */,
				B11B5DA11DADC19100614BB4 /* MARestaurantTableViewCell.xib */,
			);
			name = RestaurantCell;
			sourceTree = "<group>";
		};
		B11B5DA61DADC23700614BB4 /* Assets */ = {
			isa = PBXGroup;
			children = (
				B11B5DB41DADC25400614BB4 /* source-sans-pro */,
				B11B5DC21DADC25D00614BB4 /* arialRoundedMT_Bold.ttf */,
			);
			name = Assets;
			sourceTree = "<group>";
		};
		B11B5DB41DADC25400614BB4 /* source-sans-pro */ = {
			isa = PBXGroup;
			children = (
				B11B5DA71DADC25400614BB4 /* SIL Open Font License.txt */,
				B11B5DA81DADC25400614BB4 /* SourceSansPro-Black.otf */,
				B11B5DA91DADC25400614BB4 /* SourceSansPro-BlackIt.otf */,
				B11B5DAA1DADC25400614BB4 /* SourceSansPro-Bold.otf */,
				B11B5DAB1DADC25400614BB4 /* SourceSansPro-BoldIt.otf */,
				B11B5DAC1DADC25400614BB4 /* SourceSansPro-ExtraLight.otf */,
				B11B5DAD1DADC25400614BB4 /* SourceSansPro-ExtraLightIt.otf */,
				B11B5DAE1DADC25400614BB4 /* SourceSansPro-It.otf */,
				B11B5DAF1DADC25400614BB4 /* SourceSansPro-Light.otf */,
				B11B5DB01DADC25400614BB4 /* SourceSansPro-LightIt.otf */,
				B11B5DB11DADC25400614BB4 /* SourceSansPro-Regular.otf */,
				B11B5DB21DADC25400614BB4 /* SourceSansPro-Semibold.otf */,
				B11B5DB31DADC25400614BB4 /* SourceSansPro-SemiboldIt.otf */,
			);
			name = "source-sans-pro";
			path = "../../MenuApp/MenuApp/fonts/source-sans-pro";
			sourceTree = "<group>";
		};
		B11B5DC31DADC2B800614BB4 /* Views */ = {
			isa = PBXGroup;
			children = (
				B167F1F91DAB4F87008EE90B /* Profile */,
				B167F1FA1DAB4F9A008EE90B /* SavedList */,
				B167F1FB1DAB4FA2008EE90B /* Review */,
				B167F1FC1DAB4FAB008EE90B /* Home */,
			);
			name = Views;
			sourceTree = "<group>";
		};
		B167F1E11DAB3CCD008EE90B /* Utilities */ = {
			isa = PBXGroup;
			children = (
				B11B5DA41DADC1E600614BB4 /* UtilityFunctions.swift */,
				B167F1E21DAB3CE1008EE90B /* MALocationManager.swift */,
				B167F1E31DAB3CE1008EE90B /* ImagePickerHandler.swift */,
				B167F1E41DAB3CE1008EE90B /* InternetReachability.swift */,
			);
			name = Utilities;
			sourceTree = "<group>";
		};
		B167F1E81DAB3D2F008EE90B /* Firebase */ = {
			isa = PBXGroup;
			children = (
				B197DD2D1DB1ABEA00D76DB5 /* VittlesFirebaseObjects */,
				B167F1E91DAB3D3F008EE90B /* FirebaseConstants.swift */,
				B167F1EA1DAB3D3F008EE90B /* FirebaseUserHandler.swift */,
				B167F1EB1DAB3D3F008EE90B /* FirebaseImageHandler.swift */,
				B197DD2B1DB1920A00D76DB5 /* FirebaseDataHandler.swift */,
				B197DD341DB2FE0C00D76DB5 /* FirebaseObjectConverter.swift */,
			);
			name = Firebase;
			sourceTree = "<group>";
		};
		B167F1F91DAB4F87008EE90B /* Profile */ = {
			isa = PBXGroup;
			children = (
				B1199BE81DB7EDED00A221A9 /* MAProfileOptionsTableViewController.swift */,
				B1199BE91DB7EDED00A221A9 /* MAProfileOptionTableViewCell.swift */,
				B167F1F41DAB4F33008EE90B /* Profile.storyboard */,
				B11B5DC61DADCA8700614BB4 /* ProfileMainViewController.swift */,
				B1199BEC1DB7EFB900A221A9 /* loginViewController.swift */,
			);
			name = Profile;
			sourceTree = "<group>";
		};
		B167F1FA1DAB4F9A008EE90B /* SavedList */ = {
			isa = PBXGroup;
			children = (
				B167F1F71DAB4F71008EE90B /* SavedList.storyboard */,
			);
			name = SavedList;
			sourceTree = "<group>";
		};
		B167F1FB1DAB4FA2008EE90B /* Review */ = {
			isa = PBXGroup;
			children = (
				B167F1F21DAB4EE9008EE90B /* Review.storyboard */,
				B197DD3A1DB31A9800D76DB5 /* ReviewViewController.swift */,
				B197DD4F1DB446E100D76DB5 /* PickRestaurant */,
				B197DD501DB446EA00D76DB5 /* PickDish */,
			);
			name = Review;
			sourceTree = "<group>";
		};
		B167F1FC1DAB4FAB008EE90B /* Home */ = {
			isa = PBXGroup;
			children = (
				B197DD411DB35E6100D76DB5 /* Restaurant */,
				B197DD401DB35E4100D76DB5 /* Dishes */,
				B11B5D9B1DADC14F00614BB4 /* RestaurantCell */,
				B167F1EF1DAB4EBB008EE90B /* Home.storyboard */,
				B11B5D941DADBD1300614BB4 /* HomeSearchViewController.swift */,
			);
			name = Home;
			sourceTree = "<group>";
		};
		B197DD2D1DB1ABEA00D76DB5 /* VittlesFirebaseObjects */ = {
			isa = PBXGroup;
			children = (
				B197DD2E1DB1ABFD00D76DB5 /* RestaurantObject.swift */,
				B197DD301DB2FB5600D76DB5 /* DishObject.swift */,
				B197DD321DB2FCDF00D76DB5 /* ReviewObject.swift */,
				B197DD361DB3115100D76DB5 /* UserObject.swift */,
			);
			name = VittlesFirebaseObjects;
			sourceTree = "<group>";
		};
		B197DD401DB35E4100D76DB5 /* Dishes */ = {
			isa = PBXGroup;
			children = (
				B197DD531DB49D9000D76DB5 /* MAFoodReviewTableViewCell.swift */,
				B197DD541DB49D9000D76DB5 /* MAFoodReviewTableViewCell.xib */,
				B197DD551DB49D9000D76DB5 /* ReviewTableViewController.swift */,
				B11B5D9A1DADC14200614BB4 /* FoodDishCell */,
				B11B5D981DADBD8E00614BB4 /* FoodDishTableViewController.swift */,
				B197DD291DB1688B00D76DB5 /* FoodDetailViewController.swift */,
			);
			name = Dishes;
			sourceTree = "<group>";
		};
		B197DD411DB35E6100D76DB5 /* Restaurant */ = {
			isa = PBXGroup;
			children = (
				B11B5D961DADBD7A00614BB4 /* RestaurantTableViewController.swift */,
				B197DD431DB35E9800D76DB5 /* RestaurantPickMenuTableViewController.swift */,
				B197DD451DB35EB000D76DB5 /* RestaurantMenuTableViewController.swift */,
				B197DD471DB35ED100D76DB5 /* ResturantMenuMainViewController.swift */,
				B1DE60CA1DB7409600055E0B /* RestaurantMainDetailViewController.swift */,
				B1DE60CC1DB745E500055E0B /* RestaurantSearchTableViewController.swift */,
			);
			name = Restaurant;
			sourceTree = "<group>";
		};
		B197DD4F1DB446E100D76DB5 /* PickRestaurant */ = {
			isa = PBXGroup;
			children = (
				B197DD3E1DB34D0500D76DB5 /* ReviewPickRestaurantMainViewController.swift */,
				B197DD3C1DB32FF900D76DB5 /* ReviewPickRestaurantTableViewController.swift */,
			);
			name = PickRestaurant;
			sourceTree = "<group>";
		};
		B197DD501DB446EA00D76DB5 /* PickDish */ = {
			isa = PBXGroup;
			children = (
				B197DD491DB43B2300D76DB5 /* ReviewPickMenuTableViewController.swift */,
				B197DD4B1DB43C3200D76DB5 /* ReviewMenuTableViewController.swift */,
				B197DD511DB4490B00D76DB5 /* ReviewPickDishMainViewController.swift */,
			);
			name = PickDish;
			sourceTree = "<group>";
		};
		B7492F531DAB381F002EADDC = {
			isa = PBXGroup;
			children = (
				B7492F5E1DAB381F002EADDC /* Vittles */,
				B7492F761DAB381F002EADDC /* VittlesTests */,
				B7492F811DAB3820002EADDC /* VittlesUITests */,
				B7492F5D1DAB381F002EADDC /* Products */,
				49338323E45B06029B7F9AD1 /* Pods */,
				5539562110D9E12BB9DF77D5 /* Frameworks */,
			);
			sourceTree = "<group>";
		};
		B7492F5D1DAB381F002EADDC /* Products */ = {
			isa = PBXGroup;
			children = (
				B7492F5C1DAB381F002EADDC /* Vittles.app */,
				B7492F731DAB381F002EADDC /* VittlesTests.xctest */,
				B7492F7E1DAB381F002EADDC /* VittlesUITests.xctest */,
			);
			name = Products;
			sourceTree = "<group>";
		};
		B7492F5E1DAB381F002EADDC /* Vittles */ = {
			isa = PBXGroup;
			children = (
				B11B5DA61DADC23700614BB4 /* Assets */,
				B167F1E81DAB3D2F008EE90B /* Firebase */,
				B167F1E11DAB3CCD008EE90B /* Utilities */,
				B7492F5F1DAB381F002EADDC /* AppDelegate.swift */,
				B11B5DC41DADC2D500614BB4 /* AppConstants.swift */,
				B7492F611DAB381F002EADDC /* ViewController.swift */,
				B7492F631DAB381F002EADDC /* Main.storyboard */,
				B11B5DC31DADC2B800614BB4 /* Views */,
				B7492F691DAB381F002EADDC /* Assets.xcassets */,
				B7492F6B1DAB381F002EADDC /* LaunchScreen.storyboard */,
				B7492F6E1DAB381F002EADDC /* Info.plist */,
				B1BCC3241DAB523C0016CA39 /* GoogleService-Info.plist */,
				B7492F661DAB381F002EADDC /* Vittles.xcdatamodeld */,
			);
			path = Vittles;
			sourceTree = "<group>";
		};
		B7492F761DAB381F002EADDC /* VittlesTests */ = {
			isa = PBXGroup;
			children = (
				B7492F771DAB381F002EADDC /* VittlesTests.swift */,
				B7492F791DAB381F002EADDC /* Info.plist */,
			);
			path = VittlesTests;
			sourceTree = "<group>";
		};
		B7492F811DAB3820002EADDC /* VittlesUITests */ = {
			isa = PBXGroup;
			children = (
				B7492F821DAB3820002EADDC /* VittlesUITests.swift */,
				B7492F841DAB3820002EADDC /* Info.plist */,
			);
			path = VittlesUITests;
			sourceTree = "<group>";
		};
/* End PBXGroup section */

/* Begin PBXNativeTarget section */
		B7492F5B1DAB381F002EADDC /* Vittles */ = {
			isa = PBXNativeTarget;
			buildConfigurationList = B7492F871DAB3820002EADDC /* Build configuration list for PBXNativeTarget "Vittles" */;
			buildPhases = (
				B49CBF7C42BFFAD335A8DA5D /* [CP] Check Pods Manifest.lock */,
				B7492F581DAB381F002EADDC /* Sources */,
				B7492F591DAB381F002EADDC /* Frameworks */,
				B7492F5A1DAB381F002EADDC /* Resources */,
				72075EA226D16A9CEA941847 /* [CP] Embed Pods Frameworks */,
				10DE68EEB387E73AC4C14466 /* [CP] Copy Pods Resources */,
			);
			buildRules = (
			);
			dependencies = (
			);
			name = Vittles;
			productName = Vittles;
			productReference = B7492F5C1DAB381F002EADDC /* Vittles.app */;
			productType = "com.apple.product-type.application";
		};
		B7492F721DAB381F002EADDC /* VittlesTests */ = {
			isa = PBXNativeTarget;
			buildConfigurationList = B7492F8A1DAB3820002EADDC /* Build configuration list for PBXNativeTarget "VittlesTests" */;
			buildPhases = (
				98A3B05757A29633382C0BF9 /* [CP] Check Pods Manifest.lock */,
				B7492F6F1DAB381F002EADDC /* Sources */,
				B7492F701DAB381F002EADDC /* Frameworks */,
				B7492F711DAB381F002EADDC /* Resources */,
				1E390598C5B7AD182B66D62A /* [CP] Embed Pods Frameworks */,
				A909B68F07E02CBA209280D9 /* [CP] Copy Pods Resources */,
			);
			buildRules = (
			);
			dependencies = (
				B7492F751DAB381F002EADDC /* PBXTargetDependency */,
			);
			name = VittlesTests;
			productName = VittlesTests;
			productReference = B7492F731DAB381F002EADDC /* VittlesTests.xctest */;
			productType = "com.apple.product-type.bundle.unit-test";
		};
		B7492F7D1DAB381F002EADDC /* VittlesUITests */ = {
			isa = PBXNativeTarget;
			buildConfigurationList = B7492F8D1DAB3820002EADDC /* Build configuration list for PBXNativeTarget "VittlesUITests" */;
			buildPhases = (
				98CDC3D8CB0D4867966EC61B /* [CP] Check Pods Manifest.lock */,
				B7492F7A1DAB381F002EADDC /* Sources */,
				B7492F7B1DAB381F002EADDC /* Frameworks */,
				B7492F7C1DAB381F002EADDC /* Resources */,
				6475EDF7576F7D2E64690366 /* [CP] Embed Pods Frameworks */,
				D93609273D737840FEC543C5 /* [CP] Copy Pods Resources */,
			);
			buildRules = (
			);
			dependencies = (
				B7492F801DAB381F002EADDC /* PBXTargetDependency */,
			);
			name = VittlesUITests;
			productName = VittlesUITests;
			productReference = B7492F7E1DAB381F002EADDC /* VittlesUITests.xctest */;
			productType = "com.apple.product-type.bundle.ui-testing";
		};
/* End PBXNativeTarget section */

/* Begin PBXProject section */
		B7492F541DAB381F002EADDC /* Project object */ = {
			isa = PBXProject;
			attributes = {
				LastSwiftUpdateCheck = 0800;
				LastUpgradeCheck = 0810;
				ORGANIZATIONNAME = "Jenny Kwok";
				TargetAttributes = {
					B7492F5B1DAB381F002EADDC = {
						CreatedOnToolsVersion = 8.0;
						DevelopmentTeam = 35EJ6SJ8UV;
						ProvisioningStyle = Automatic;
					};
					B7492F721DAB381F002EADDC = {
						CreatedOnToolsVersion = 8.0;
						ProvisioningStyle = Automatic;
						TestTargetID = B7492F5B1DAB381F002EADDC;
					};
					B7492F7D1DAB381F002EADDC = {
						CreatedOnToolsVersion = 8.0;
						ProvisioningStyle = Automatic;
						TestTargetID = B7492F5B1DAB381F002EADDC;
					};
				};
			};
			buildConfigurationList = B7492F571DAB381F002EADDC /* Build configuration list for PBXProject "Vittles" */;
			compatibilityVersion = "Xcode 3.2";
			developmentRegion = English;
			hasScannedForEncodings = 0;
			knownRegions = (
				en,
				Base,
			);
			mainGroup = B7492F531DAB381F002EADDC;
			productRefGroup = B7492F5D1DAB381F002EADDC /* Products */;
			projectDirPath = "";
			projectRoot = "";
			targets = (
				B7492F5B1DAB381F002EADDC /* Vittles */,
				B7492F721DAB381F002EADDC /* VittlesTests */,
				B7492F7D1DAB381F002EADDC /* VittlesUITests */,
			);
		};
/* End PBXProject section */

/* Begin PBXResourcesBuildPhase section */
		B7492F5A1DAB381F002EADDC /* Resources */ = {
			isa = PBXResourcesBuildPhase;
			buildActionMask = 2147483647;
			files = (
				B11B5DA31DADC19100614BB4 /* MARestaurantTableViewCell.xib in Resources */,
				B197DD571DB49D9000D76DB5 /* MAFoodReviewTableViewCell.xib in Resources */,
				B11B5DB51DADC25400614BB4 /* SIL Open Font License.txt in Resources */,
				B11B5DBD1DADC25400614BB4 /* SourceSansPro-Light.otf in Resources */,
				B167F1F61DAB4F33008EE90B /* Profile.storyboard in Resources */,
				B11B5DBA1DADC25400614BB4 /* SourceSansPro-ExtraLight.otf in Resources */,
				B11B5DBE1DADC25400614BB4 /* SourceSansPro-LightIt.otf in Resources */,
				B1BCC3251DAB523C0016CA39 /* GoogleService-Info.plist in Resources */,
				B7492F6D1DAB381F002EADDC /* LaunchScreen.storyboard in Resources */,
				B11B5DB71DADC25400614BB4 /* SourceSansPro-BlackIt.otf in Resources */,
				B167F1F31DAB4EE9008EE90B /* Review.storyboard in Resources */,
				B7492F6A1DAB381F002EADDC /* Assets.xcassets in Resources */,
				B11B5DC11DADC25400614BB4 /* SourceSansPro-SemiboldIt.otf in Resources */,
				B11B5DB81DADC25400614BB4 /* SourceSansPro-Bold.otf in Resources */,
				B11B5DBC1DADC25400614BB4 /* SourceSansPro-It.otf in Resources */,
				B11B5DBB1DADC25400614BB4 /* SourceSansPro-ExtraLightIt.otf in Resources */,
				B11B5DB61DADC25400614BB4 /* SourceSansPro-Black.otf in Resources */,
				B167F1F81DAB4F71008EE90B /* SavedList.storyboard in Resources */,
				B11B5DB91DADC25400614BB4 /* SourceSansPro-BoldIt.otf in Resources */,
				B11B5D9F1DADC18800614BB4 /* MAFoodItemTableViewCell.xib in Resources */,
				B11B5DC01DADC25400614BB4 /* SourceSansPro-Semibold.otf in Resources */,
				B7492F651DAB381F002EADDC /* Main.storyboard in Resources */,
				B167F1F11DAB4EBB008EE90B /* Home.storyboard in Resources */,
				B11B5DBF1DADC25400614BB4 /* SourceSansPro-Regular.otf in Resources */,
			);
			runOnlyForDeploymentPostprocessing = 0;
		};
		B7492F711DAB381F002EADDC /* Resources */ = {
			isa = PBXResourcesBuildPhase;
			buildActionMask = 2147483647;
			files = (
			);
			runOnlyForDeploymentPostprocessing = 0;
		};
		B7492F7C1DAB381F002EADDC /* Resources */ = {
			isa = PBXResourcesBuildPhase;
			buildActionMask = 2147483647;
			files = (
			);
			runOnlyForDeploymentPostprocessing = 0;
		};
/* End PBXResourcesBuildPhase section */

/* Begin PBXShellScriptBuildPhase section */
		10DE68EEB387E73AC4C14466 /* [CP] Copy Pods Resources */ = {
			isa = PBXShellScriptBuildPhase;
			buildActionMask = 2147483647;
			files = (
			);
			inputPaths = (
			);
			name = "[CP] Copy Pods Resources";
			outputPaths = (
			);
			runOnlyForDeploymentPostprocessing = 0;
			shellPath = /bin/sh;
			shellScript = "\"${SRCROOT}/Pods/Target Support Files/Pods-Vittles/Pods-Vittles-resources.sh\"\n";
			showEnvVarsInLog = 0;
		};
		1E390598C5B7AD182B66D62A /* [CP] Embed Pods Frameworks */ = {
			isa = PBXShellScriptBuildPhase;
			buildActionMask = 2147483647;
			files = (
			);
			inputPaths = (
			);
			name = "[CP] Embed Pods Frameworks";
			outputPaths = (
			);
			runOnlyForDeploymentPostprocessing = 0;
			shellPath = /bin/sh;
			shellScript = "\"${SRCROOT}/Pods/Target Support Files/Pods-VittlesTests/Pods-VittlesTests-frameworks.sh\"\n";
			showEnvVarsInLog = 0;
		};
		6475EDF7576F7D2E64690366 /* [CP] Embed Pods Frameworks */ = {
			isa = PBXShellScriptBuildPhase;
			buildActionMask = 2147483647;
			files = (
			);
			inputPaths = (
			);
			name = "[CP] Embed Pods Frameworks";
			outputPaths = (
			);
			runOnlyForDeploymentPostprocessing = 0;
			shellPath = /bin/sh;
			shellScript = "\"${SRCROOT}/Pods/Target Support Files/Pods-VittlesUITests/Pods-VittlesUITests-frameworks.sh\"\n";
			showEnvVarsInLog = 0;
		};
		72075EA226D16A9CEA941847 /* [CP] Embed Pods Frameworks */ = {
			isa = PBXShellScriptBuildPhase;
			buildActionMask = 2147483647;
			files = (
			);
			inputPaths = (
			);
			name = "[CP] Embed Pods Frameworks";
			outputPaths = (
			);
			runOnlyForDeploymentPostprocessing = 0;
			shellPath = /bin/sh;
			shellScript = "\"${SRCROOT}/Pods/Target Support Files/Pods-Vittles/Pods-Vittles-frameworks.sh\"\n";
			showEnvVarsInLog = 0;
		};
		98A3B05757A29633382C0BF9 /* [CP] Check Pods Manifest.lock */ = {
			isa = PBXShellScriptBuildPhase;
			buildActionMask = 2147483647;
			files = (
			);
			inputPaths = (
			);
			name = "[CP] Check Pods Manifest.lock";
			outputPaths = (
			);
			runOnlyForDeploymentPostprocessing = 0;
			shellPath = /bin/sh;
			shellScript = "diff \"${PODS_ROOT}/../Podfile.lock\" \"${PODS_ROOT}/Manifest.lock\" > /dev/null\nif [ $? != 0 ] ; then\n    # print error to STDERR\n    echo \"error: The sandbox is not in sync with the Podfile.lock. Run 'pod install' or update your CocoaPods installation.\" >&2\n    exit 1\nfi\n";
			showEnvVarsInLog = 0;
		};
		98CDC3D8CB0D4867966EC61B /* [CP] Check Pods Manifest.lock */ = {
			isa = PBXShellScriptBuildPhase;
			buildActionMask = 2147483647;
			files = (
			);
			inputPaths = (
			);
			name = "[CP] Check Pods Manifest.lock";
			outputPaths = (
			);
			runOnlyForDeploymentPostprocessing = 0;
			shellPath = /bin/sh;
			shellScript = "diff \"${PODS_ROOT}/../Podfile.lock\" \"${PODS_ROOT}/Manifest.lock\" > /dev/null\nif [ $? != 0 ] ; then\n    # print error to STDERR\n    echo \"error: The sandbox is not in sync with the Podfile.lock. Run 'pod install' or update your CocoaPods installation.\" >&2\n    exit 1\nfi\n";
			showEnvVarsInLog = 0;
		};
		A909B68F07E02CBA209280D9 /* [CP] Copy Pods Resources */ = {
			isa = PBXShellScriptBuildPhase;
			buildActionMask = 2147483647;
			files = (
			);
			inputPaths = (
			);
			name = "[CP] Copy Pods Resources";
			outputPaths = (
			);
			runOnlyForDeploymentPostprocessing = 0;
			shellPath = /bin/sh;
			shellScript = "\"${SRCROOT}/Pods/Target Support Files/Pods-VittlesTests/Pods-VittlesTests-resources.sh\"\n";
			showEnvVarsInLog = 0;
		};
		B49CBF7C42BFFAD335A8DA5D /* [CP] Check Pods Manifest.lock */ = {
			isa = PBXShellScriptBuildPhase;
			buildActionMask = 2147483647;
			files = (
			);
			inputPaths = (
			);
			name = "[CP] Check Pods Manifest.lock";
			outputPaths = (
			);
			runOnlyForDeploymentPostprocessing = 0;
			shellPath = /bin/sh;
			shellScript = "diff \"${PODS_ROOT}/../Podfile.lock\" \"${PODS_ROOT}/Manifest.lock\" > /dev/null\nif [ $? != 0 ] ; then\n    # print error to STDERR\n    echo \"error: The sandbox is not in sync with the Podfile.lock. Run 'pod install' or update your CocoaPods installation.\" >&2\n    exit 1\nfi\n";
			showEnvVarsInLog = 0;
		};
		D93609273D737840FEC543C5 /* [CP] Copy Pods Resources */ = {
			isa = PBXShellScriptBuildPhase;
			buildActionMask = 2147483647;
			files = (
			);
			inputPaths = (
			);
			name = "[CP] Copy Pods Resources";
			outputPaths = (
			);
			runOnlyForDeploymentPostprocessing = 0;
			shellPath = /bin/sh;
			shellScript = "\"${SRCROOT}/Pods/Target Support Files/Pods-VittlesUITests/Pods-VittlesUITests-resources.sh\"\n";
			showEnvVarsInLog = 0;
		};
/* End PBXShellScriptBuildPhase section */

/* Begin PBXSourcesBuildPhase section */
		B7492F581DAB381F002EADDC /* Sources */ = {
			isa = PBXSourcesBuildPhase;
			buildActionMask = 2147483647;
			files = (
				B197DD581DB49D9000D76DB5 /* ReviewTableViewController.swift in Sources */,
				B197DD331DB2FCDF00D76DB5 /* ReviewObject.swift in Sources */,
				B167F1E51DAB3CE1008EE90B /* MALocationManager.swift in Sources */,
				B197DD441DB35E9800D76DB5 /* RestaurantPickMenuTableViewController.swift in Sources */,
				B1199BED1DB7EFB900A221A9 /* loginViewController.swift in Sources */,
				B7492F621DAB381F002EADDC /* ViewController.swift in Sources */,
				B167F1ED1DAB3D3F008EE90B /* FirebaseUserHandler.swift in Sources */,
				B197DD2A1DB1688B00D76DB5 /* FoodDetailViewController.swift in Sources */,
				B11B5DA51DADC1E600614BB4 /* UtilityFunctions.swift in Sources */,
				B197DD2F1DB1ABFD00D76DB5 /* RestaurantObject.swift in Sources */,
				B11B5D951DADBD1300614BB4 /* HomeSearchViewController.swift in Sources */,
				B1199BEA1DB7EDED00A221A9 /* MAProfileOptionsTableViewController.swift in Sources */,
				B167F1E61DAB3CE1008EE90B /* ImagePickerHandler.swift in Sources */,
				B197DD3D1DB32FF900D76DB5 /* ReviewPickRestaurantTableViewController.swift in Sources */,
				B11B5D971DADBD7A00614BB4 /* RestaurantTableViewController.swift in Sources */,
				B197DD4C1DB43C3200D76DB5 /* ReviewMenuTableViewController.swift in Sources */,
				B197DD2C1DB1920A00D76DB5 /* FirebaseDataHandler.swift in Sources */,
				B7492F601DAB381F002EADDC /* AppDelegate.swift in Sources */,
				B1DE60CD1DB745E500055E0B /* RestaurantSearchTableViewController.swift in Sources */,
				B197DD561DB49D9000D76DB5 /* MAFoodReviewTableViewCell.swift in Sources */,
				B7492F681DAB381F002EADDC /* Vittles.xcdatamodeld in Sources */,
				B167F1E71DAB3CE1008EE90B /* InternetReachability.swift in Sources */,
				B11B5D991DADBD8E00614BB4 /* FoodDishTableViewController.swift in Sources */,
				B197DD481DB35ED100D76DB5 /* ResturantMenuMainViewController.swift in Sources */,
				B11B5DC71DADCA8700614BB4 /* ProfileMainViewController.swift in Sources */,
				B197DD3F1DB34D0500D76DB5 /* ReviewPickRestaurantMainViewController.swift in Sources */,
				B11B5DC51DADC2D500614BB4 /* AppConstants.swift in Sources */,
				B1199BEB1DB7EDED00A221A9 /* MAProfileOptionTableViewCell.swift in Sources */,
				B197DD4A1DB43B2300D76DB5 /* ReviewPickMenuTableViewController.swift in Sources */,
				B197DD3B1DB31A9800D76DB5 /* ReviewViewController.swift in Sources */,
				B197DD371DB3115100D76DB5 /* UserObject.swift in Sources */,
				B11B5DA21DADC19100614BB4 /* MARestaurantTableViewCell.swift in Sources */,
				B11B5D9E1DADC18800614BB4 /* MAFoodItemTableViewCell.swift in Sources */,
				B197DD351DB2FE0C00D76DB5 /* FirebaseObjectConverter.swift in Sources */,
				B197DD521DB4490B00D76DB5 /* ReviewPickDishMainViewController.swift in Sources */,
				B167F1EC1DAB3D3F008EE90B /* FirebaseConstants.swift in Sources */,
				B197DD461DB35EB000D76DB5 /* RestaurantMenuTableViewController.swift in Sources */,
				B167F1EE1DAB3D3F008EE90B /* FirebaseImageHandler.swift in Sources */,
				B197DD311DB2FB5600D76DB5 /* DishObject.swift in Sources */,
				B1DE60CB1DB7409600055E0B /* RestaurantMainDetailViewController.swift in Sources */,
			);
			runOnlyForDeploymentPostprocessing = 0;
		};
		B7492F6F1DAB381F002EADDC /* Sources */ = {
			isa = PBXSourcesBuildPhase;
			buildActionMask = 2147483647;
			files = (
				B7492F781DAB381F002EADDC /* VittlesTests.swift in Sources */,
			);
			runOnlyForDeploymentPostprocessing = 0;
		};
		B7492F7A1DAB381F002EADDC /* Sources */ = {
			isa = PBXSourcesBuildPhase;
			buildActionMask = 2147483647;
			files = (
				B7492F831DAB3820002EADDC /* VittlesUITests.swift in Sources */,
			);
			runOnlyForDeploymentPostprocessing = 0;
		};
/* End PBXSourcesBuildPhase section */

/* Begin PBXTargetDependency section */
		B7492F751DAB381F002EADDC /* PBXTargetDependency */ = {
			isa = PBXTargetDependency;
			target = B7492F5B1DAB381F002EADDC /* Vittles */;
			targetProxy = B7492F741DAB381F002EADDC /* PBXContainerItemProxy */;
		};
		B7492F801DAB381F002EADDC /* PBXTargetDependency */ = {
			isa = PBXTargetDependency;
			target = B7492F5B1DAB381F002EADDC /* Vittles */;
			targetProxy = B7492F7F1DAB381F002EADDC /* PBXContainerItemProxy */;
		};
/* End PBXTargetDependency section */

/* Begin PBXVariantGroup section */
		B167F1EF1DAB4EBB008EE90B /* Home.storyboard */ = {
			isa = PBXVariantGroup;
			children = (
				B167F1F01DAB4EBB008EE90B /* Base */,
			);
			name = Home.storyboard;
			sourceTree = "<group>";
		};
		B167F1F41DAB4F33008EE90B /* Profile.storyboard */ = {
			isa = PBXVariantGroup;
			children = (
				B167F1F51DAB4F33008EE90B /* Base */,
			);
			name = Profile.storyboard;
			sourceTree = "<group>";
		};
		B7492F631DAB381F002EADDC /* Main.storyboard */ = {
			isa = PBXVariantGroup;
			children = (
				B7492F641DAB381F002EADDC /* Base */,
			);
			name = Main.storyboard;
			sourceTree = "<group>";
		};
		B7492F6B1DAB381F002EADDC /* LaunchScreen.storyboard */ = {
			isa = PBXVariantGroup;
			children = (
				B7492F6C1DAB381F002EADDC /* Base */,
			);
			name = LaunchScreen.storyboard;
			sourceTree = "<group>";
		};
/* End PBXVariantGroup section */

/* Begin XCBuildConfiguration section */
		B7492F851DAB3820002EADDC /* Debug */ = {
			isa = XCBuildConfiguration;
			buildSettings = {
				ALWAYS_SEARCH_USER_PATHS = NO;
				CLANG_ANALYZER_NONNULL = YES;
				CLANG_CXX_LANGUAGE_STANDARD = "gnu++0x";
				CLANG_CXX_LIBRARY = "libc++";
				CLANG_ENABLE_MODULES = YES;
				CLANG_ENABLE_OBJC_ARC = YES;
				CLANG_WARN_BOOL_CONVERSION = YES;
				CLANG_WARN_CONSTANT_CONVERSION = YES;
				CLANG_WARN_DIRECT_OBJC_ISA_USAGE = YES_ERROR;
				CLANG_WARN_DOCUMENTATION_COMMENTS = YES;
				CLANG_WARN_EMPTY_BODY = YES;
				CLANG_WARN_ENUM_CONVERSION = YES;
				CLANG_WARN_INFINITE_RECURSION = YES;
				CLANG_WARN_INT_CONVERSION = YES;
				CLANG_WARN_OBJC_ROOT_CLASS = YES_ERROR;
				CLANG_WARN_SUSPICIOUS_MOVE = YES;
				CLANG_WARN_SUSPICIOUS_MOVES = YES;
				CLANG_WARN_UNREACHABLE_CODE = YES;
				CLANG_WARN__DUPLICATE_METHOD_MATCH = YES;
				"CODE_SIGN_IDENTITY[sdk=iphoneos*]" = "iPhone Developer";
				COPY_PHASE_STRIP = NO;
				DEBUG_INFORMATION_FORMAT = dwarf;
				ENABLE_STRICT_OBJC_MSGSEND = YES;
				ENABLE_TESTABILITY = YES;
				GCC_C_LANGUAGE_STANDARD = gnu99;
				GCC_DYNAMIC_NO_PIC = NO;
				GCC_NO_COMMON_BLOCKS = YES;
				GCC_OPTIMIZATION_LEVEL = 0;
				GCC_PREPROCESSOR_DEFINITIONS = (
					"DEBUG=1",
					"$(inherited)",
				);
				GCC_WARN_64_TO_32_BIT_CONVERSION = YES;
				GCC_WARN_ABOUT_RETURN_TYPE = YES_ERROR;
				GCC_WARN_UNDECLARED_SELECTOR = YES;
				GCC_WARN_UNINITIALIZED_AUTOS = YES_AGGRESSIVE;
				GCC_WARN_UNUSED_FUNCTION = YES;
				GCC_WARN_UNUSED_VARIABLE = YES;
				IPHONEOS_DEPLOYMENT_TARGET = 10.0;
				MTL_ENABLE_DEBUG_INFO = YES;
				ONLY_ACTIVE_ARCH = YES;
				SDKROOT = iphoneos;
				SWIFT_ACTIVE_COMPILATION_CONDITIONS = DEBUG;
				SWIFT_OPTIMIZATION_LEVEL = "-Onone";
				TARGETED_DEVICE_FAMILY = "1,2";
			};
			name = Debug;
		};
		B7492F861DAB3820002EADDC /* Release */ = {
			isa = XCBuildConfiguration;
			buildSettings = {
				ALWAYS_SEARCH_USER_PATHS = NO;
				CLANG_ANALYZER_NONNULL = YES;
				CLANG_CXX_LANGUAGE_STANDARD = "gnu++0x";
				CLANG_CXX_LIBRARY = "libc++";
				CLANG_ENABLE_MODULES = YES;
				CLANG_ENABLE_OBJC_ARC = YES;
				CLANG_WARN_BOOL_CONVERSION = YES;
				CLANG_WARN_CONSTANT_CONVERSION = YES;
				CLANG_WARN_DIRECT_OBJC_ISA_USAGE = YES_ERROR;
				CLANG_WARN_DOCUMENTATION_COMMENTS = YES;
				CLANG_WARN_EMPTY_BODY = YES;
				CLANG_WARN_ENUM_CONVERSION = YES;
				CLANG_WARN_INFINITE_RECURSION = YES;
				CLANG_WARN_INT_CONVERSION = YES;
				CLANG_WARN_OBJC_ROOT_CLASS = YES_ERROR;
				CLANG_WARN_SUSPICIOUS_MOVE = YES;
				CLANG_WARN_SUSPICIOUS_MOVES = YES;
				CLANG_WARN_UNREACHABLE_CODE = YES;
				CLANG_WARN__DUPLICATE_METHOD_MATCH = YES;
				"CODE_SIGN_IDENTITY[sdk=iphoneos*]" = "iPhone Developer";
				COPY_PHASE_STRIP = NO;
				DEBUG_INFORMATION_FORMAT = "dwarf-with-dsym";
				ENABLE_NS_ASSERTIONS = NO;
				ENABLE_STRICT_OBJC_MSGSEND = YES;
				GCC_C_LANGUAGE_STANDARD = gnu99;
				GCC_NO_COMMON_BLOCKS = YES;
				GCC_WARN_64_TO_32_BIT_CONVERSION = YES;
				GCC_WARN_ABOUT_RETURN_TYPE = YES_ERROR;
				GCC_WARN_UNDECLARED_SELECTOR = YES;
				GCC_WARN_UNINITIALIZED_AUTOS = YES_AGGRESSIVE;
				GCC_WARN_UNUSED_FUNCTION = YES;
				GCC_WARN_UNUSED_VARIABLE = YES;
				IPHONEOS_DEPLOYMENT_TARGET = 10.0;
				MTL_ENABLE_DEBUG_INFO = NO;
				SDKROOT = iphoneos;
				SWIFT_OPTIMIZATION_LEVEL = "-Owholemodule";
				TARGETED_DEVICE_FAMILY = "1,2";
				VALIDATE_PRODUCT = YES;
			};
			name = Release;
		};
		B7492F881DAB3820002EADDC /* Debug */ = {
			isa = XCBuildConfiguration;
			baseConfigurationReference = C750FDCF1E2BD1356738AD65 /* Pods-Vittles.debug.xcconfig */;
			buildSettings = {
				ALWAYS_EMBED_SWIFT_STANDARD_LIBRARIES = YES;
				ASSETCATALOG_COMPILER_APPICON_NAME = AppIcon;
				DEVELOPMENT_TEAM = 35EJ6SJ8UV;
				INFOPLIST_FILE = Vittles/Info.plist;
				LD_RUNPATH_SEARCH_PATHS = "$(inherited) @executable_path/Frameworks";
				PRODUCT_BUNDLE_IDENTIFIER = jk.Vittles;
				PRODUCT_NAME = "$(TARGET_NAME)";
				SWIFT_VERSION = 3.0;
			};
			name = Debug;
		};
		B7492F891DAB3820002EADDC /* Release */ = {
			isa = XCBuildConfiguration;
			baseConfigurationReference = A086DC95081261199F7482AD /* Pods-Vittles.release.xcconfig */;
			buildSettings = {
				ALWAYS_EMBED_SWIFT_STANDARD_LIBRARIES = YES;
				ASSETCATALOG_COMPILER_APPICON_NAME = AppIcon;
				DEVELOPMENT_TEAM = 35EJ6SJ8UV;
				INFOPLIST_FILE = Vittles/Info.plist;
				LD_RUNPATH_SEARCH_PATHS = "$(inherited) @executable_path/Frameworks";
				PRODUCT_BUNDLE_IDENTIFIER = jk.Vittles;
				PRODUCT_NAME = "$(TARGET_NAME)";
				SWIFT_VERSION = 3.0;
			};
			name = Release;
		};
		B7492F8B1DAB3820002EADDC /* Debug */ = {
			isa = XCBuildConfiguration;
			baseConfigurationReference = 2DAC6CCDF88015B2205F66F8 /* Pods-VittlesTests.debug.xcconfig */;
			buildSettings = {
				ALWAYS_EMBED_SWIFT_STANDARD_LIBRARIES = YES;
				BUNDLE_LOADER = "$(TEST_HOST)";
				INFOPLIST_FILE = VittlesTests/Info.plist;
				LD_RUNPATH_SEARCH_PATHS = "$(inherited) @executable_path/Frameworks @loader_path/Frameworks";
				PRODUCT_BUNDLE_IDENTIFIER = jk.VittlesTests;
				PRODUCT_NAME = "$(TARGET_NAME)";
				SWIFT_VERSION = 3.0;
				TEST_HOST = "$(BUILT_PRODUCTS_DIR)/Vittles.app/Vittles";
			};
			name = Debug;
		};
		B7492F8C1DAB3820002EADDC /* Release */ = {
			isa = XCBuildConfiguration;
			baseConfigurationReference = 08EEB7F45333593906524832 /* Pods-VittlesTests.release.xcconfig */;
			buildSettings = {
				ALWAYS_EMBED_SWIFT_STANDARD_LIBRARIES = YES;
				BUNDLE_LOADER = "$(TEST_HOST)";
				INFOPLIST_FILE = VittlesTests/Info.plist;
				LD_RUNPATH_SEARCH_PATHS = "$(inherited) @executable_path/Frameworks @loader_path/Frameworks";
				PRODUCT_BUNDLE_IDENTIFIER = jk.VittlesTests;
				PRODUCT_NAME = "$(TARGET_NAME)";
				SWIFT_VERSION = 3.0;
				TEST_HOST = "$(BUILT_PRODUCTS_DIR)/Vittles.app/Vittles";
			};
			name = Release;
		};
		B7492F8E1DAB3820002EADDC /* Debug */ = {
			isa = XCBuildConfiguration;
			baseConfigurationReference = 67317E34336183899428DB2F /* Pods-VittlesUITests.debug.xcconfig */;
			buildSettings = {
				ALWAYS_EMBED_SWIFT_STANDARD_LIBRARIES = YES;
				INFOPLIST_FILE = VittlesUITests/Info.plist;
				LD_RUNPATH_SEARCH_PATHS = "$(inherited) @executable_path/Frameworks @loader_path/Frameworks";
				PRODUCT_BUNDLE_IDENTIFIER = jk.VittlesUITests;
				PRODUCT_NAME = "$(TARGET_NAME)";
				SWIFT_VERSION = 3.0;
				TEST_TARGET_NAME = Vittles;
			};
			name = Debug;
		};
		B7492F8F1DAB3820002EADDC /* Release */ = {
			isa = XCBuildConfiguration;
			baseConfigurationReference = F466C8E562EAFF3A34C0681F /* Pods-VittlesUITests.release.xcconfig */;
			buildSettings = {
				ALWAYS_EMBED_SWIFT_STANDARD_LIBRARIES = YES;
				INFOPLIST_FILE = VittlesUITests/Info.plist;
				LD_RUNPATH_SEARCH_PATHS = "$(inherited) @executable_path/Frameworks @loader_path/Frameworks";
				PRODUCT_BUNDLE_IDENTIFIER = jk.VittlesUITests;
				PRODUCT_NAME = "$(TARGET_NAME)";
				SWIFT_VERSION = 3.0;
				TEST_TARGET_NAME = Vittles;
			};
			name = Release;
		};
/* End XCBuildConfiguration section */

/* Begin XCConfigurationList section */
		B7492F571DAB381F002EADDC /* Build configuration list for PBXProject "Vittles" */ = {
			isa = XCConfigurationList;
			buildConfigurations = (
				B7492F851DAB3820002EADDC /* Debug */,
				B7492F861DAB3820002EADDC /* Release */,
			);
			defaultConfigurationIsVisible = 0;
			defaultConfigurationName = Release;
		};
		B7492F871DAB3820002EADDC /* Build configuration list for PBXNativeTarget "Vittles" */ = {
			isa = XCConfigurationList;
			buildConfigurations = (
				B7492F881DAB3820002EADDC /* Debug */,
				B7492F891DAB3820002EADDC /* Release */,
			);
			defaultConfigurationIsVisible = 0;
			defaultConfigurationName = Release;
		};
		B7492F8A1DAB3820002EADDC /* Build configuration list for PBXNativeTarget "VittlesTests" */ = {
			isa = XCConfigurationList;
			buildConfigurations = (
				B7492F8B1DAB3820002EADDC /* Debug */,
				B7492F8C1DAB3820002EADDC /* Release */,
			);
			defaultConfigurationIsVisible = 0;
			defaultConfigurationName = Release;
		};
		B7492F8D1DAB3820002EADDC /* Build configuration list for PBXNativeTarget "VittlesUITests" */ = {
			isa = XCConfigurationList;
			buildConfigurations = (
				B7492F8E1DAB3820002EADDC /* Debug */,
				B7492F8F1DAB3820002EADDC /* Release */,
			);
			defaultConfigurationIsVisible = 0;
			defaultConfigurationName = Release;
		};
/* End XCConfigurationList section */

/* Begin XCVersionGroup section */
		B7492F661DAB381F002EADDC /* Vittles.xcdatamodeld */ = {
			isa = XCVersionGroup;
			children = (
				B7492F671DAB381F002EADDC /* Vittles.xcdatamodel */,
			);
			currentVersion = B7492F671DAB381F002EADDC /* Vittles.xcdatamodel */;
			path = Vittles.xcdatamodeld;
			sourceTree = "<group>";
			versionGroupType = wrapper.xcdatamodel;
		};
/* End XCVersionGroup section */
	};
	rootObject = B7492F541DAB381F002EADDC /* Project object */;
}
